// !$*UTF8*$!
{
	archiveVersion = 1;
	classes = {
	};
	objectVersion = 46;
	objects = {

/* Begin PBXGroup section */
		760CACE61B90CAA000CF1251 = {
			isa = PBXGroup;
			children = (
			);
			sourceTree = "<group>";
		};
/* End PBXGroup section */

/* Begin PBXProject section */
		760CACE71B90CAA000CF1251 /* Project object */ = {
			isa = PBXProject;
			attributes = {
				LastUpgradeCheck = 0640;
			};
			buildConfigurationList = 760CACEA1B90CAA000CF1251 /* Build configuration list for PBXProject "UserAuth" */;
			compatibilityVersion = "Xcode 3.2";
			developmentRegion = English;
			hasScannedForEncodings = 0;
			knownRegions = (
				en,
			);
			mainGroup = 760CACE61B90CAA000CF1251;
			projectDirPath = "";
			projectRoot = "";
			targets = (
			);
		};
/* End PBXProject section */

/* Begin XCBuildConfiguration section */
		760CACEB1B90CAA000CF1251 /* Debug */ = {
			isa = XCBuildConfiguration;
			buildSettings = {
			};
			name = Debug;
		};
		760CACEC1B90CAA000CF1251 /* Release */ = {
			isa = XCBuildConfiguration;
			buildSettings = {
			};
			name = Release;
		};
/* End XCBuildConfiguration section */

/* Begin XCConfigurationList section */
		760CACEA1B90CAA000CF1251 /* Build configuration list for PBXProject "UserAuth" */ = {
			isa = XCConfigurationList;
			buildConfigurations = (
				760CACEB1B90CAA000CF1251 /* Debug */,
				760CACEC1B90CAA000CF1251 /* Release */,
			);
			defaultConfigurationIsVisible = 0;
			defaultConfigurationName = Release;
		};
/* End XCConfigurationList section */
	};
	rootObject = 760CACE71B90CAA000CF1251 /* Project object */;
}
